
Microsoft Visual Studio Solution File, Format Version 12.00
# Visual Studio Version 16
VisualStudioVersion = 16.0.30517.126
MinimumVisualStudioVersion = 10.0.40219.1
Project("{9A19103F-16F7-4668-BE54-9A1E7A4F7556}") = "Binateq.JsonRestClient", "Binateq.JsonRestClient\Binateq.JsonRestClient.csproj", "{7D81A890-21CC-491E-9D14-E5E0D426423A}"
EndProject
Project("{9A19103F-16F7-4668-BE54-9A1E7A4F7556}") = "Binateq.JsonRestClient.Tests", "Binateq.JsonRestClient.Tests\Binateq.JsonRestClient.Tests.csproj", "{ACB0456D-E5ED-426F-99C0-5A342DB20294}"
EndProject
Project("{2150E333-8FDC-42A3-9474-1A3956D46DE8}") = "Solution Items", "Solution Items", "{F232FA79-ED95-42B2-959C-BCDDE7CEE8ED}"
	ProjectSection(SolutionItems) = preProject
		README.md = README.md
	EndProjectSection
EndProject
Project("{FAE04EC0-301F-11D3-BF4B-00C04F79EFBC}") = "Binateq.JsonRestClient.IntegrationTests", "Binateq.JsonRestClient.IntegrationTests\Binateq.JsonRestClient.IntegrationTests.csproj", "{5F03F0CE-FAEF-4431-B2E2-20A0921DE7DB}"
EndProject
Global
	GlobalSection(SolutionConfigurationPlatforms) = preSolution
		Debug|Any CPU = Debug|Any CPU
		Release|Any CPU = Release|Any CPU
	EndGlobalSection
	GlobalSection(ProjectConfigurationPlatforms) = postSolution
		{7D81A890-21CC-491E-9D14-E5E0D426423A}.Debug|Any CPU.ActiveCfg = Debug|Any CPU
		{7D81A890-21CC-491E-9D14-E5E0D426423A}.Debug|Any CPU.Build.0 = Debug|Any CPU
		{7D81A890-21CC-491E-9D14-E5E0D426423A}.Release|Any CPU.ActiveCfg = Release|Any CPU
		{7D81A890-21CC-491E-9D14-E5E0D426423A}.Release|Any CPU.Build.0 = Release|Any CPU
		{ACB0456D-E5ED-426F-99C0-5A342DB20294}.Debug|Any CPU.ActiveCfg = Debug|Any CPU
		{ACB0456D-E5ED-426F-99C0-5A342DB20294}.Debug|Any CPU.Build.0 = Debug|Any CPU
		{ACB0456D-E5ED-426F-99C0-5A342DB20294}.Release|Any CPU.ActiveCfg = Release|Any CPU
		{ACB0456D-E5ED-426F-99C0-5A342DB20294}.Release|Any CPU.Build.0 = Release|Any CPU
		{5F03F0CE-FAEF-4431-B2E2-20A0921DE7DB}.Debug|Any CPU.ActiveCfg = Debug|Any CPU
		{5F03F0CE-FAEF-4431-B2E2-20A0921DE7DB}.Debug|Any CPU.Build.0 = Debug|Any CPU
		{5F03F0CE-FAEF-4431-B2E2-20A0921DE7DB}.Release|Any CPU.ActiveCfg = Release|Any CPU
		{5F03F0CE-FAEF-4431-B2E2-20A0921DE7DB}.Release|Any CPU.Build.0 = Release|Any CPU
	EndGlobalSection
	GlobalSection(SolutionProperties) = preSolution
		HideSolutionNode = FALSE
	EndGlobalSection
	GlobalSection(ExtensibilityGlobals) = postSolution
		SolutionGuid = {DF39D230-FE5F-41DA-91AE-55CED333BD1D}
	EndGlobalSection
EndGlobal
